// !$*UTF8*$!
{
	archiveVersion = 1;
	classes = {
	};
	objectVersion = 50;
	objects = {

/* Begin PBXBuildFile section */
		2CDE142733526CAFA8E7D41E /* libPods-NYTimes.a in Frameworks */ = {isa = PBXBuildFile; fileRef = 22307531900D7A865AC1D5EC /* libPods-NYTimes.a */; };
		631DD05C250FA4EA00AE34C7 /* AppDelegate.swift in Sources */ = {isa = PBXBuildFile; fileRef = 631DD05B250FA4EA00AE34C7 /* AppDelegate.swift */; };
		631DD05E250FA4EA00AE34C7 /* SceneDelegate.swift in Sources */ = {isa = PBXBuildFile; fileRef = 631DD05D250FA4EA00AE34C7 /* SceneDelegate.swift */; };
		631DD063250FA4EA00AE34C7 /* Main.storyboard in Resources */ = {isa = PBXBuildFile; fileRef = 631DD061250FA4EA00AE34C7 /* Main.storyboard */; };
		631DD065250FA4EC00AE34C7 /* Assets.xcassets in Resources */ = {isa = PBXBuildFile; fileRef = 631DD064250FA4EC00AE34C7 /* Assets.xcassets */; };
		631DD068250FA4EC00AE34C7 /* LaunchScreen.storyboard in Resources */ = {isa = PBXBuildFile; fileRef = 631DD066250FA4EC00AE34C7 /* LaunchScreen.storyboard */; };
		631DD073250FB4A300AE34C7 /* ModelNews.swift in Sources */ = {isa = PBXBuildFile; fileRef = 631DD072250FB4A300AE34C7 /* ModelNews.swift */; };
		631DD07E250FC04900AE34C7 /* MainViewController.swift in Sources */ = {isa = PBXBuildFile; fileRef = 631DD07D250FC04900AE34C7 /* MainViewController.swift */; };
		631DD080250FC22C00AE34C7 /* ArticlesTableViewCell.swift in Sources */ = {isa = PBXBuildFile; fileRef = 631DD07F250FC22C00AE34C7 /* ArticlesTableViewCell.swift */; };
		631DD082250FCA4A00AE34C7 /* ArticlesViewController.swift in Sources */ = {isa = PBXBuildFile; fileRef = 631DD081250FCA4A00AE34C7 /* ArticlesViewController.swift */; };
		631DD084251002D100AE34C7 /* AlamofireRequestManager.swift in Sources */ = {isa = PBXBuildFile; fileRef = 631DD083251002D100AE34C7 /* AlamofireRequestManager.swift */; };
		631DD086251096C000AE34C7 /* MainTableViewCell.swift in Sources */ = {isa = PBXBuildFile; fileRef = 631DD085251096C000AE34C7 /* MainTableViewCell.swift */; };
		631DD0882510B50400AE34C7 /* DetailViewController.swift in Sources */ = {isa = PBXBuildFile; fileRef = 631DD0872510B50400AE34C7 /* DetailViewController.swift */; };
		631DD08A2510C40900AE34C7 /* WebKit.framework in Frameworks */ = {isa = PBXBuildFile; fileRef = 631DD0892510C40800AE34C7 /* WebKit.framework */; };
		631DD08C2510E9E000AE34C7 /* FavoritesModel.swift in Sources */ = {isa = PBXBuildFile; fileRef = 631DD08B2510E9E000AE34C7 /* FavoritesModel.swift */; };
/* End PBXBuildFile section */

/* Begin PBXFileReference section */
		22307531900D7A865AC1D5EC /* libPods-NYTimes.a */ = {isa = PBXFileReference; explicitFileType = archive.ar; includeInIndex = 0; path = "libPods-NYTimes.a"; sourceTree = BUILT_PRODUCTS_DIR; };
		631DD058250FA4EA00AE34C7 /* NYTimes.app */ = {isa = PBXFileReference; explicitFileType = wrapper.application; includeInIndex = 0; path = NYTimes.app; sourceTree = BUILT_PRODUCTS_DIR; };
		631DD05B250FA4EA00AE34C7 /* AppDelegate.swift */ = {isa = PBXFileReference; lastKnownFileType = sourcecode.swift; path = AppDelegate.swift; sourceTree = "<group>"; };
		631DD05D250FA4EA00AE34C7 /* SceneDelegate.swift */ = {isa = PBXFileReference; lastKnownFileType = sourcecode.swift; path = SceneDelegate.swift; sourceTree = "<group>"; };
		631DD062250FA4EA00AE34C7 /* Base */ = {isa = PBXFileReference; lastKnownFileType = file.storyboard; name = Base; path = Base.lproj/Main.storyboard; sourceTree = "<group>"; };
		631DD064250FA4EC00AE34C7 /* Assets.xcassets */ = {isa = PBXFileReference; lastKnownFileType = folder.assetcatalog; path = Assets.xcassets; sourceTree = "<group>"; };
		631DD067250FA4EC00AE34C7 /* Base */ = {isa = PBXFileReference; lastKnownFileType = file.storyboard; name = Base; path = Base.lproj/LaunchScreen.storyboard; sourceTree = "<group>"; };
		631DD069250FA4EC00AE34C7 /* Info.plist */ = {isa = PBXFileReference; lastKnownFileType = text.plist.xml; path = Info.plist; sourceTree = "<group>"; };
		631DD072250FB4A300AE34C7 /* ModelNews.swift */ = {isa = PBXFileReference; lastKnownFileType = sourcecode.swift; path = ModelNews.swift; sourceTree = "<group>"; };
		631DD07D250FC04900AE34C7 /* MainViewController.swift */ = {isa = PBXFileReference; lastKnownFileType = sourcecode.swift; path = MainViewController.swift; sourceTree = "<group>"; };
		631DD07F250FC22C00AE34C7 /* ArticlesTableViewCell.swift */ = {isa = PBXFileReference; lastKnownFileType = sourcecode.swift; path = ArticlesTableViewCell.swift; sourceTree = "<group>"; };
		631DD081250FCA4A00AE34C7 /* ArticlesViewController.swift */ = {isa = PBXFileReference; lastKnownFileType = sourcecode.swift; path = ArticlesViewController.swift; sourceTree = "<group>"; };
		631DD083251002D100AE34C7 /* AlamofireRequestManager.swift */ = {isa = PBXFileReference; lastKnownFileType = sourcecode.swift; path = AlamofireRequestManager.swift; sourceTree = "<group>"; };
		631DD085251096C000AE34C7 /* MainTableViewCell.swift */ = {isa = PBXFileReference; lastKnownFileType = sourcecode.swift; path = MainTableViewCell.swift; sourceTree = "<group>"; };
		631DD0872510B50400AE34C7 /* DetailViewController.swift */ = {isa = PBXFileReference; lastKnownFileType = sourcecode.swift; path = DetailViewController.swift; sourceTree = "<group>"; };
		631DD0892510C40800AE34C7 /* WebKit.framework */ = {isa = PBXFileReference; lastKnownFileType = wrapper.framework; name = WebKit.framework; path = System/Library/Frameworks/WebKit.framework; sourceTree = SDKROOT; };
		631DD08B2510E9E000AE34C7 /* FavoritesModel.swift */ = {isa = PBXFileReference; lastKnownFileType = sourcecode.swift; path = FavoritesModel.swift; sourceTree = "<group>"; };
		6F749B7DC6215BF3E267F882 /* Pods-NYTimes.release.xcconfig */ = {isa = PBXFileReference; includeInIndex = 1; lastKnownFileType = text.xcconfig; name = "Pods-NYTimes.release.xcconfig"; path = "Target Support Files/Pods-NYTimes/Pods-NYTimes.release.xcconfig"; sourceTree = "<group>"; };
		D8F997D8181FF5B6E639338F /* Pods-NYTimes.debug.xcconfig */ = {isa = PBXFileReference; includeInIndex = 1; lastKnownFileType = text.xcconfig; name = "Pods-NYTimes.debug.xcconfig"; path = "Target Support Files/Pods-NYTimes/Pods-NYTimes.debug.xcconfig"; sourceTree = "<group>"; };
/* End PBXFileReference section */

/* Begin PBXFrameworksBuildPhase section */
		631DD055250FA4EA00AE34C7 /* Frameworks */ = {
			isa = PBXFrameworksBuildPhase;
			buildActionMask = 2147483647;
			files = (
				631DD08A2510C40900AE34C7 /* WebKit.framework in Frameworks */,
				2CDE142733526CAFA8E7D41E /* libPods-NYTimes.a in Frameworks */,
			);
			runOnlyForDeploymentPostprocessing = 0;
		};
/* End PBXFrameworksBuildPhase section */

/* Begin PBXGroup section */
		0A314A0325A70C9EDD39FE6F /* Frameworks */ = {
			isa = PBXGroup;
			children = (
				631DD0892510C40800AE34C7 /* WebKit.framework */,
				22307531900D7A865AC1D5EC /* libPods-NYTimes.a */,
			);
			name = Frameworks;
			sourceTree = "<group>";
		};
		631DD04F250FA4EA00AE34C7 = {
			isa = PBXGroup;
			children = (
				631DD05A250FA4EA00AE34C7 /* NYTimes */,
				631DD059250FA4EA00AE34C7 /* Products */,
				D4AD41C17CE7510DB1946882 /* Pods */,
				0A314A0325A70C9EDD39FE6F /* Frameworks */,
			);
			sourceTree = "<group>";
		};
		631DD059250FA4EA00AE34C7 /* Products */ = {
			isa = PBXGroup;
			children = (
				631DD058250FA4EA00AE34C7 /* NYTimes.app */,
			);
			name = Products;
			sourceTree = "<group>";
		};
		631DD05A250FA4EA00AE34C7 /* NYTimes */ = {
			isa = PBXGroup;
			children = (
				631DD05B250FA4EA00AE34C7 /* AppDelegate.swift */,
				631DD05D250FA4EA00AE34C7 /* SceneDelegate.swift */,
				631DD074250FB4A800AE34C7 /* Model */,
				631DD071250FB46300AE34C7 /* View */,
				631DD064250FA4EC00AE34C7 /* Assets.xcassets */,
				631DD061250FA4EA00AE34C7 /* Main.storyboard */,
				631DD083251002D100AE34C7 /* AlamofireRequestManager.swift */,
				631DD066250FA4EC00AE34C7 /* LaunchScreen.storyboard */,
				631DD069250FA4EC00AE34C7 /* Info.plist */,
			);
			path = NYTimes;
			sourceTree = "<group>";
		};
		631DD071250FB46300AE34C7 /* View */ = {
			isa = PBXGroup;
			children = (
				631DD07D250FC04900AE34C7 /* MainViewController.swift */,
				631DD085251096C000AE34C7 /* MainTableViewCell.swift */,
				631DD081250FCA4A00AE34C7 /* ArticlesViewController.swift */,
				631DD07F250FC22C00AE34C7 /* ArticlesTableViewCell.swift */,
				631DD0872510B50400AE34C7 /* DetailViewController.swift */,
			);
			path = View;
			sourceTree = "<group>";
		};
		631DD074250FB4A800AE34C7 /* Model */ = {
			isa = PBXGroup;
			children = (
				631DD072250FB4A300AE34C7 /* ModelNews.swift */,
				631DD08B2510E9E000AE34C7 /* FavoritesModel.swift */,
			);
			path = Model;
			sourceTree = "<group>";
		};
		D4AD41C17CE7510DB1946882 /* Pods */ = {
			isa = PBXGroup;
			children = (
				D8F997D8181FF5B6E639338F /* Pods-NYTimes.debug.xcconfig */,
				6F749B7DC6215BF3E267F882 /* Pods-NYTimes.release.xcconfig */,
			);
			path = Pods;
			sourceTree = "<group>";
		};
/* End PBXGroup section */

/* Begin PBXNativeTarget section */
		631DD057250FA4EA00AE34C7 /* NYTimes */ = {
			isa = PBXNativeTarget;
			buildConfigurationList = 631DD06C250FA4EC00AE34C7 /* Build configuration list for PBXNativeTarget "NYTimes" */;
			buildPhases = (
				A498011D4F5D23A00449CBE0 /* [CP] Check Pods Manifest.lock */,
				631DD054250FA4EA00AE34C7 /* Sources */,
				631DD055250FA4EA00AE34C7 /* Frameworks */,
				631DD056250FA4EA00AE34C7 /* Resources */,
			);
			buildRules = (
			);
			dependencies = (
			);
			name = NYTimes;
			productName = NYTimes;
			productReference = 631DD058250FA4EA00AE34C7 /* NYTimes.app */;
			productType = "com.apple.product-type.application";
		};
/* End PBXNativeTarget section */

/* Begin PBXProject section */
		631DD050250FA4EA00AE34C7 /* Project object */ = {
			isa = PBXProject;
			attributes = {
				LastSwiftUpdateCheck = 1160;
				LastUpgradeCheck = 1160;
				ORGANIZATIONNAME = "Alex Sadunenko";
				TargetAttributes = {
					631DD057250FA4EA00AE34C7 = {
						CreatedOnToolsVersion = 11.6;
					};
				};
			};
			buildConfigurationList = 631DD053250FA4EA00AE34C7 /* Build configuration list for PBXProject "NYTimes" */;
			compatibilityVersion = "Xcode 9.3";
			developmentRegion = en;
			hasScannedForEncodings = 0;
			knownRegions = (
				en,
				Base,
			);
			mainGroup = 631DD04F250FA4EA00AE34C7;
			productRefGroup = 631DD059250FA4EA00AE34C7 /* Products */;
			projectDirPath = "";
			projectRoot = "";
			targets = (
				631DD057250FA4EA00AE34C7 /* NYTimes */,
			);
		};
/* End PBXProject section */

/* Begin PBXResourcesBuildPhase section */
		631DD056250FA4EA00AE34C7 /* Resources */ = {
			isa = PBXResourcesBuildPhase;
			buildActionMask = 2147483647;
			files = (
				631DD068250FA4EC00AE34C7 /* LaunchScreen.storyboard in Resources */,
				631DD065250FA4EC00AE34C7 /* Assets.xcassets in Resources */,
				631DD063250FA4EA00AE34C7 /* Main.storyboard in Resources */,
			);
			runOnlyForDeploymentPostprocessing = 0;
		};
/* End PBXResourcesBuildPhase section */

/* Begin PBXShellScriptBuildPhase section */
		A498011D4F5D23A00449CBE0 /* [CP] Check Pods Manifest.lock */ = {
			isa = PBXShellScriptBuildPhase;
			buildActionMask = 2147483647;
			files = (
			);
			inputFileListPaths = (
			);
			inputPaths = (
				"${PODS_PODFILE_DIR_PATH}/Podfile.lock",
				"${PODS_ROOT}/Manifest.lock",
			);
			name = "[CP] Check Pods Manifest.lock";
			outputFileListPaths = (
			);
			outputPaths = (
				"$(DERIVED_FILE_DIR)/Pods-NYTimes-checkManifestLockResult.txt",
			);
			runOnlyForDeploymentPostprocessing = 0;
			shellPath = /bin/sh;
			shellScript = "diff \"${PODS_PODFILE_DIR_PATH}/Podfile.lock\" \"${PODS_ROOT}/Manifest.lock\" > /dev/null\nif [ $? != 0 ] ; then\n    # print error to STDERR\n    echo \"error: The sandbox is not in sync with the Podfile.lock. Run 'pod install' or update your CocoaPods installation.\" >&2\n    exit 1\nfi\n# This output is used by Xcode 'outputs' to avoid re-running this script phase.\necho \"SUCCESS\" > \"${SCRIPT_OUTPUT_FILE_0}\"\n";
			showEnvVarsInLog = 0;
		};
/* End PBXShellScriptBuildPhase section */

/* Begin PBXSourcesBuildPhase section */
		631DD054250FA4EA00AE34C7 /* Sources */ = {
			isa = PBXSourcesBuildPhase;
			buildActionMask = 2147483647;
			files = (
				631DD0882510B50400AE34C7 /* DetailViewController.swift in Sources */,
				631DD080250FC22C00AE34C7 /* ArticlesTableViewCell.swift in Sources */,
				631DD073250FB4A300AE34C7 /* ModelNews.swift in Sources */,
				631DD08C2510E9E000AE34C7 /* FavoritesModel.swift in Sources */,
				631DD086251096C000AE34C7 /* MainTableViewCell.swift in Sources */,
				631DD05C250FA4EA00AE34C7 /* AppDelegate.swift in Sources */,
				631DD084251002D100AE34C7 /* AlamofireRequestManager.swift in Sources */,
				631DD082250FCA4A00AE34C7 /* ArticlesViewController.swift in Sources */,
				631DD05E250FA4EA00AE34C7 /* SceneDelegate.swift in Sources */,
				631DD07E250FC04900AE34C7 /* MainViewController.swift in Sources */,
			);
			runOnlyForDeploymentPostprocessing = 0;
		};
/* End PBXSourcesBuildPhase section */

/* Begin PBXVariantGroup section */
		631DD061250FA4EA00AE34C7 /* Main.storyboard */ = {
			isa = PBXVariantGroup;
			children = (
				631DD062250FA4EA00AE34C7 /* Base */,
			);
			name = Main.storyboard;
			sourceTree = "<group>";
		};
		631DD066250FA4EC00AE34C7 /* LaunchScreen.storyboard */ = {
			isa = PBXVariantGroup;
			children = (
				631DD067250FA4EC00AE34C7 /* Base */,
			);
			name = LaunchScreen.storyboard;
			sourceTree = "<group>";
		};
/* End PBXVariantGroup section */

/* Begin XCBuildConfiguration section */
		631DD06A250FA4EC00AE34C7 /* Debug */ = {
			isa = XCBuildConfiguration;
			buildSettings = {
				ALWAYS_SEARCH_USER_PATHS = NO;
				CLANG_ANALYZER_NONNULL = YES;
				CLANG_ANALYZER_NUMBER_OBJECT_CONVERSION = YES_AGGRESSIVE;
				CLANG_CXX_LANGUAGE_STANDARD = "gnu++14";
				CLANG_CXX_LIBRARY = "libc++";
				CLANG_ENABLE_MODULES = YES;
				CLANG_ENABLE_OBJC_ARC = YES;
				CLANG_ENABLE_OBJC_WEAK = YES;
				CLANG_WARN_BLOCK_CAPTURE_AUTORELEASING = YES;
				CLANG_WARN_BOOL_CONVERSION = YES;
				CLANG_WARN_COMMA = YES;
				CLANG_WARN_CONSTANT_CONVERSION = YES;
				CLANG_WARN_DEPRECATED_OBJC_IMPLEMENTATIONS = YES;
				CLANG_WARN_DIRECT_OBJC_ISA_USAGE = YES_ERROR;
				CLANG_WARN_DOCUMENTATION_COMMENTS = YES;
				CLANG_WARN_EMPTY_BODY = YES;
				CLANG_WARN_ENUM_CONVERSION = YES;
				CLANG_WARN_INFINITE_RECURSION = YES;
				CLANG_WARN_INT_CONVERSION = YES;
				CLANG_WARN_NON_LITERAL_NULL_CONVERSION = YES;
				CLANG_WARN_OBJC_IMPLICIT_RETAIN_SELF = YES;
				CLANG_WARN_OBJC_LITERAL_CONVERSION = YES;
				CLANG_WARN_OBJC_ROOT_CLASS = YES_ERROR;
				CLANG_WARN_RANGE_LOOP_ANALYSIS = YES;
				CLANG_WARN_STRICT_PROTOTYPES = YES;
				CLANG_WARN_SUSPICIOUS_MOVE = YES;
				CLANG_WARN_UNGUARDED_AVAILABILITY = YES_AGGRESSIVE;
				CLANG_WARN_UNREACHABLE_CODE = YES;
				CLANG_WARN__DUPLICATE_METHOD_MATCH = YES;
				COPY_PHASE_STRIP = NO;
				DEBUG_INFORMATION_FORMAT = dwarf;
				ENABLE_STRICT_OBJC_MSGSEND = YES;
				ENABLE_TESTABILITY = YES;
				GCC_C_LANGUAGE_STANDARD = gnu11;
				GCC_DYNAMIC_NO_PIC = NO;
				GCC_NO_COMMON_BLOCKS = YES;
				GCC_OPTIMIZATION_LEVEL = 0;
				GCC_PREPROCESSOR_DEFINITIONS = (
					"DEBUG=1",
					"$(inherited)",
				);
				GCC_WARN_64_TO_32_BIT_CONVERSION = YES;
				GCC_WARN_ABOUT_RETURN_TYPE = YES_ERROR;
				GCC_WARN_UNDECLARED_SELECTOR = YES;
				GCC_WARN_UNINITIALIZED_AUTOS = YES_AGGRESSIVE;
				GCC_WARN_UNUSED_FUNCTION = YES;
				GCC_WARN_UNUSED_VARIABLE = YES;
				IPHONEOS_DEPLOYMENT_TARGET = 13.6;
				MTL_ENABLE_DEBUG_INFO = INCLUDE_SOURCE;
				MTL_FAST_MATH = YES;
				ONLY_ACTIVE_ARCH = YES;
				SDKROOT = iphoneos;
				SWIFT_ACTIVE_COMPILATION_CONDITIONS = DEBUG;
				SWIFT_OPTIMIZATION_LEVEL = "-Onone";
			};
			name = Debug;
		};
		631DD06B250FA4EC00AE34C7 /* Release */ = {
			isa = XCBuildConfiguration;
			buildSettings = {
				ALWAYS_SEARCH_USER_PATHS = NO;
				CLANG_ANALYZER_NONNULL = YES;
				CLANG_ANALYZER_NUMBER_OBJECT_CONVERSION = YES_AGGRESSIVE;
				CLANG_CXX_LANGUAGE_STANDARD = "gnu++14";
				CLANG_CXX_LIBRARY = "libc++";
				CLANG_ENABLE_MODULES = YES;
				CLANG_ENABLE_OBJC_ARC = YES;
				CLANG_ENABLE_OBJC_WEAK = YES;
				CLANG_WARN_BLOCK_CAPTURE_AUTORELEASING = YES;
				CLANG_WARN_BOOL_CONVERSION = YES;
				CLANG_WARN_COMMA = YES;
				CLANG_WARN_CONSTANT_CONVERSION = YES;
				CLANG_WARN_DEPRECATED_OBJC_IMPLEMENTATIONS = YES;
				CLANG_WARN_DIRECT_OBJC_ISA_USAGE = YES_ERROR;
				CLANG_WARN_DOCUMENTATION_COMMENTS = YES;
				CLANG_WARN_EMPTY_BODY = YES;
				CLANG_WARN_ENUM_CONVERSION = YES;
				CLANG_WARN_INFINITE_RECURSION = YES;
				CLANG_WARN_INT_CONVERSION = YES;
				CLANG_WARN_NON_LITERAL_NULL_CONVERSION = YES;
				CLANG_WARN_OBJC_IMPLICIT_RETAIN_SELF = YES;
				CLANG_WARN_OBJC_LITERAL_CONVERSION = YES;
				CLANG_WARN_OBJC_ROOT_CLASS = YES_ERROR;
				CLANG_WARN_RANGE_LOOP_ANALYSIS = YES;
				CLANG_WARN_STRICT_PROTOTYPES = YES;
				CLANG_WARN_SUSPICIOUS_MOVE = YES;
				CLANG_WARN_UNGUARDED_AVAILABILITY = YES_AGGRESSIVE;
				CLANG_WARN_UNREACHABLE_CODE = YES;
				CLANG_WARN__DUPLICATE_METHOD_MATCH = YES;
				COPY_PHASE_STRIP = NO;
				DEBUG_INFORMATION_FORMAT = "dwarf-with-dsym";
				ENABLE_NS_ASSERTIONS = NO;
				ENABLE_STRICT_OBJC_MSGSEND = YES;
				GCC_C_LANGUAGE_STANDARD = gnu11;
				GCC_NO_COMMON_BLOCKS = YES;
				GCC_WARN_64_TO_32_BIT_CONVERSION = YES;
				GCC_WARN_ABOUT_RETURN_TYPE = YES_ERROR;
				GCC_WARN_UNDECLARED_SELECTOR = YES;
				GCC_WARN_UNINITIALIZED_AUTOS = YES_AGGRESSIVE;
				GCC_WARN_UNUSED_FUNCTION = YES;
				GCC_WARN_UNUSED_VARIABLE = YES;
				IPHONEOS_DEPLOYMENT_TARGET = 13.6;
				MTL_ENABLE_DEBUG_INFO = NO;
				MTL_FAST_MATH = YES;
				SDKROOT = iphoneos;
				SWIFT_COMPILATION_MODE = wholemodule;
				SWIFT_OPTIMIZATION_LEVEL = "-O";
				VALIDATE_PRODUCT = YES;
			};
			name = Release;
		};
		631DD06D250FA4EC00AE34C7 /* Debug */ = {
			isa = XCBuildConfiguration;
			baseConfigurationReference = D8F997D8181FF5B6E639338F /* Pods-NYTimes.debug.xcconfig */;
			buildSettings = {
				ASSETCATALOG_COMPILER_APPICON_NAME = AppIcon;
				CODE_SIGN_STYLE = Automatic;
				INFOPLIST_FILE = NYTimes/Info.plist;
				LD_RUNPATH_SEARCH_PATHS = (
					"$(inherited)",
					"@executable_path/Frameworks",
				);
				PRODUCT_BUNDLE_IDENTIFIER = com.sadunenko.NYTimes;
				PRODUCT_NAME = "$(TARGET_NAME)";
				SWIFT_VERSION = 5.0;
				TARGETED_DEVICE_FAMILY = 1;
			};
			name = Debug;
		};
		631DD06E250FA4EC00AE34C7 /* Release */ = {
			isa = XCBuildConfiguration;
			baseConfigurationReference = 6F749B7DC6215BF3E267F882 /* Pods-NYTimes.release.xcconfig */;
			buildSettings = {
				ASSETCATALOG_COMPILER_APPICON_NAME = AppIcon;
				CODE_SIGN_STYLE = Automatic;
				INFOPLIST_FILE = NYTimes/Info.plist;
				LD_RUNPATH_SEARCH_PATHS = (
					"$(inherited)",
					"@executable_path/Frameworks",
				);
				PRODUCT_BUNDLE_IDENTIFIER = com.sadunenko.NYTimes;
				PRODUCT_NAME = "$(TARGET_NAME)";
				SWIFT_VERSION = 5.0;
				TARGETED_DEVICE_FAMILY = 1;
			};
			name = Release;
		};
/* End XCBuildConfiguration section */

/* Begin XCConfigurationList section */
		631DD053250FA4EA00AE34C7 /* Build configuration list for PBXProject "NYTimes" */ = {
			isa = XCConfigurationList;
			buildConfigurations = (
				631DD06A250FA4EC00AE34C7 /* Debug */,
				631DD06B250FA4EC00AE34C7 /* Release */,
			);
			defaultConfigurationIsVisible = 0;
			defaultConfigurationName = Release;
		};
		631DD06C250FA4EC00AE34C7 /* Build configuration list for PBXNativeTarget "NYTimes" */ = {
			isa = XCConfigurationList;
			buildConfigurations = (
				631DD06D250FA4EC00AE34C7 /* Debug */,
				631DD06E250FA4EC00AE34C7 /* Release */,
			);
			defaultConfigurationIsVisible = 0;
			defaultConfigurationName = Release;
		};
/* End XCConfigurationList section */
	};
	rootObject = 631DD050250FA4EA00AE34C7 /* Project object */;
}
